
Microsoft Visual Studio Solution File, Format Version 12.00
# Visual Studio 14
VisualStudioVersion = 14.0.25420.1
MinimumVisualStudioVersion = 10.0.40219.1
Project("{FAE04EC0-301F-11D3-BF4B-00C04F79EFBC}") = "Web.InterviewAssistant.Admin", "Web.InterviewAssistant.Admin\Web.InterviewAssistant.Admin.csproj", "{F7FC2E8D-849E-4038-B99D-92BD4A6422D4}"
EndProject
Global
	GlobalSection(SolutionConfigurationPlatforms) = preSolution
		Debug|Any CPU = Debug|Any CPU
		Release|Any CPU = Release|Any CPU
	EndGlobalSection
	GlobalSection(ProjectConfigurationPlatforms) = postSolution
		{F7FC2E8D-849E-4038-B99D-92BD4A6422D4}.Debug|Any CPU.ActiveCfg = Debug|Any CPU
		{F7FC2E8D-849E-4038-B99D-92BD4A6422D4}.Debug|Any CPU.Build.0 = Debug|Any CPU
		{F7FC2E8D-849E-4038-B99D-92BD4A6422D4}.Release|Any CPU.ActiveCfg = Release|Any CPU
		{F7FC2E8D-849E-4038-B99D-92BD4A6422D4}.Release|Any CPU.Build.0 = Release|Any CPU
	EndGlobalSection
	GlobalSection(SolutionProperties) = preSolution
		HideSolutionNode = FALSE
	EndGlobalSection
EndGlobal
